
Microsoft Visual Studio Solution File, Format Version 12.00
# Visual Studio 15
VisualStudioVersion = 15.0.27703.2035
MinimumVisualStudioVersion = 10.0.40219.1
Project("{FAE04EC0-301F-11D3-BF4B-00C04F79EFBC}") = "Techem.Android", "Techem\Techem.Android\Techem.Android.csproj", "{90D8038C-EE6D-4AAD-8131-1A1178BE4458}"
EndProject
Project("{FAE04EC0-301F-11D3-BF4B-00C04F79EFBC}") = "Techem.iOS", "Techem\Techem.iOS\Techem.iOS.csproj", "{64BAD13B-4311-47B4-BF15-DDC4F1A747EF}"
EndProject
Project("{FAE04EC0-301F-11D3-BF4B-00C04F79EFBC}") = "Techem.UWP", "Techem\Techem.UWP\Techem.UWP.csproj", "{0033B719-3875-4D3E-8AF1-4F2C85E4A482}"
EndProject
Project("{FAE04EC0-301F-11D3-BF4B-00C04F79EFBC}") = "Techem", "Techem\Techem\Techem.csproj", "{C07E15B7-70A3-4F24-ACF7-D1AF541AEF5A}"
EndProject
Global
	GlobalSection(SolutionConfigurationPlatforms) = preSolution
		Ad-Hoc|Any CPU = Ad-Hoc|Any CPU
		Ad-Hoc|ARM = Ad-Hoc|ARM
		Ad-Hoc|iPhone = Ad-Hoc|iPhone
		Ad-Hoc|iPhoneSimulator = Ad-Hoc|iPhoneSimulator
		Ad-Hoc|x64 = Ad-Hoc|x64
		Ad-Hoc|x86 = Ad-Hoc|x86
		AppStore|Any CPU = AppStore|Any CPU
		AppStore|ARM = AppStore|ARM
		AppStore|iPhone = AppStore|iPhone
		AppStore|iPhoneSimulator = AppStore|iPhoneSimulator
		AppStore|x64 = AppStore|x64
		AppStore|x86 = AppStore|x86
		Debug|Any CPU = Debug|Any CPU
		Debug|ARM = Debug|ARM
		Debug|iPhone = Debug|iPhone
		Debug|iPhoneSimulator = Debug|iPhoneSimulator
		Debug|x64 = Debug|x64
		Debug|x86 = Debug|x86
		Release|Any CPU = Release|Any CPU
		Release|ARM = Release|ARM
		Release|iPhone = Release|iPhone
		Release|iPhoneSimulator = Release|iPhoneSimulator
		Release|x64 = Release|x64
		Release|x86 = Release|x86
	EndGlobalSection
	GlobalSection(ProjectConfigurationPlatforms) = postSolution
		{90D8038C-EE6D-4AAD-8131-1A1178BE4458}.Ad-Hoc|Any CPU.ActiveCfg = Release|Any CPU
		{90D8038C-EE6D-4AAD-8131-1A1178BE4458}.Ad-Hoc|Any CPU.Build.0 = Release|Any CPU
		{90D8038C-EE6D-4AAD-8131-1A1178BE4458}.Ad-Hoc|Any CPU.Deploy.0 = Release|Any CPU
		{90D8038C-EE6D-4AAD-8131-1A1178BE4458}.Ad-Hoc|ARM.ActiveCfg = Release|Any CPU
		{90D8038C-EE6D-4AAD-8131-1A1178BE4458}.Ad-Hoc|ARM.Build.0 = Release|Any CPU
		{90D8038C-EE6D-4AAD-8131-1A1178BE4458}.Ad-Hoc|ARM.Deploy.0 = Release|Any CPU
		{90D8038C-EE6D-4AAD-8131-1A1178BE4458}.Ad-Hoc|iPhone.ActiveCfg = Release|Any CPU
		{90D8038C-EE6D-4AAD-8131-1A1178BE4458}.Ad-Hoc|iPhone.Build.0 = Release|Any CPU
		{90D8038C-EE6D-4AAD-8131-1A1178BE4458}.Ad-Hoc|iPhone.Deploy.0 = Release|Any CPU
		{90D8038C-EE6D-4AAD-8131-1A1178BE4458}.Ad-Hoc|iPhoneSimulator.ActiveCfg = Release|Any CPU
		{90D8038C-EE6D-4AAD-8131-1A1178BE4458}.Ad-Hoc|iPhoneSimulator.Build.0 = Release|Any CPU
		{90D8038C-EE6D-4AAD-8131-1A1178BE4458}.Ad-Hoc|iPhoneSimulator.Deploy.0 = Release|Any CPU
		{90D8038C-EE6D-4AAD-8131-1A1178BE4458}.Ad-Hoc|x64.ActiveCfg = Release|Any CPU
		{90D8038C-EE6D-4AAD-8131-1A1178BE4458}.Ad-Hoc|x64.Build.0 = Release|Any CPU
		{90D8038C-EE6D-4AAD-8131-1A1178BE4458}.Ad-Hoc|x64.Deploy.0 = Release|Any CPU
		{90D8038C-EE6D-4AAD-8131-1A1178BE4458}.Ad-Hoc|x86.ActiveCfg = Release|Any CPU
		{90D8038C-EE6D-4AAD-8131-1A1178BE4458}.Ad-Hoc|x86.Build.0 = Release|Any CPU
		{90D8038C-EE6D-4AAD-8131-1A1178BE4458}.Ad-Hoc|x86.Deploy.0 = Release|Any CPU
		{90D8038C-EE6D-4AAD-8131-1A1178BE4458}.AppStore|Any CPU.ActiveCfg = Release|Any CPU
		{90D8038C-EE6D-4AAD-8131-1A1178BE4458}.AppStore|Any CPU.Build.0 = Release|Any CPU
		{90D8038C-EE6D-4AAD-8131-1A1178BE4458}.AppStore|Any CPU.Deploy.0 = Release|Any CPU
		{90D8038C-EE6D-4AAD-8131-1A1178BE4458}.AppStore|ARM.ActiveCfg = Release|Any CPU
		{90D8038C-EE6D-4AAD-8131-1A1178BE4458}.AppStore|ARM.Build.0 = Release|Any CPU
		{90D8038C-EE6D-4AAD-8131-1A1178BE4458}.AppStore|ARM.Deploy.0 = Release|Any CPU
		{90D8038C-EE6D-4AAD-8131-1A1178BE4458}.AppStore|iPhone.ActiveCfg = Release|Any CPU
		{90D8038C-EE6D-4AAD-8131-1A1178BE4458}.AppStore|iPhone.Build.0 = Release|Any CPU
		{90D8038C-EE6D-4AAD-8131-1A1178BE4458}.AppStore|iPhone.Deploy.0 = Release|Any CPU
		{90D8038C-EE6D-4AAD-8131-1A1178BE4458}.AppStore|iPhoneSimulator.ActiveCfg = Release|Any CPU
		{90D8038C-EE6D-4AAD-8131-1A1178BE4458}.AppStore|iPhoneSimulator.Build.0 = Release|Any CPU
		{90D8038C-EE6D-4AAD-8131-1A1178BE4458}.AppStore|iPhoneSimulator.Deploy.0 = Release|Any CPU
		{90D8038C-EE6D-4AAD-8131-1A1178BE4458}.AppStore|x64.ActiveCfg = Release|Any CPU
		{90D8038C-EE6D-4AAD-8131-1A1178BE4458}.AppStore|x64.Build.0 = Release|Any CPU
		{90D8038C-EE6D-4AAD-8131-1A1178BE4458}.AppStore|x64.Deploy.0 = Release|Any CPU
		{90D8038C-EE6D-4AAD-8131-1A1178BE4458}.AppStore|x86.ActiveCfg = Release|Any CPU
		{90D8038C-EE6D-4AAD-8131-1A1178BE4458}.AppStore|x86.Build.0 = Release|Any CPU
		{90D8038C-EE6D-4AAD-8131-1A1178BE4458}.AppStore|x86.Deploy.0 = Release|Any CPU
		{90D8038C-EE6D-4AAD-8131-1A1178BE4458}.Debug|Any CPU.ActiveCfg = Debug|Any CPU
		{90D8038C-EE6D-4AAD-8131-1A1178BE4458}.Debug|Any CPU.Build.0 = Debug|Any CPU
		{90D8038C-EE6D-4AAD-8131-1A1178BE4458}.Debug|Any CPU.Deploy.0 = Debug|Any CPU
		{90D8038C-EE6D-4AAD-8131-1A1178BE4458}.Debug|ARM.ActiveCfg = Debug|Any CPU
		{90D8038C-EE6D-4AAD-8131-1A1178BE4458}.Debug|ARM.Build.0 = Debug|Any CPU
		{90D8038C-EE6D-4AAD-8131-1A1178BE4458}.Debug|ARM.Deploy.0 = Debug|Any CPU
		{90D8038C-EE6D-4AAD-8131-1A1178BE4458}.Debug|iPhone.ActiveCfg = Debug|Any CPU
		{90D8038C-EE6D-4AAD-8131-1A1178BE4458}.Debug|iPhone.Build.0 = Debug|Any CPU
		{90D8038C-EE6D-4AAD-8131-1A1178BE4458}.Debug|iPhone.Deploy.0 = Debug|Any CPU
		{90D8038C-EE6D-4AAD-8131-1A1178BE4458}.Debug|iPhoneSimulator.ActiveCfg = Debug|Any CPU
		{90D8038C-EE6D-4AAD-8131-1A1178BE4458}.Debug|iPhoneSimulator.Build.0 = Debug|Any CPU
		{90D8038C-EE6D-4AAD-8131-1A1178BE4458}.Debug|iPhoneSimulator.Deploy.0 = Debug|Any CPU
		{90D8038C-EE6D-4AAD-8131-1A1178BE4458}.Debug|x64.ActiveCfg = Debug|Any CPU
		{90D8038C-EE6D-4AAD-8131-1A1178BE4458}.Debug|x64.Build.0 = Debug|Any CPU
		{90D8038C-EE6D-4AAD-8131-1A1178BE4458}.Debug|x64.Deploy.0 = Debug|Any CPU
		{90D8038C-EE6D-4AAD-8131-1A1178BE4458}.Debug|x86.ActiveCfg = Debug|Any CPU
		{90D8038C-EE6D-4AAD-8131-1A1178BE4458}.Debug|x86.Build.0 = Debug|Any CPU
		{90D8038C-EE6D-4AAD-8131-1A1178BE4458}.Debug|x86.Deploy.0 = Debug|Any CPU
		{90D8038C-EE6D-4AAD-8131-1A1178BE4458}.Release|Any CPU.ActiveCfg = Release|Any CPU
		{90D8038C-EE6D-4AAD-8131-1A1178BE4458}.Release|Any CPU.Build.0 = Release|Any CPU
		{90D8038C-EE6D-4AAD-8131-1A1178BE4458}.Release|Any CPU.Deploy.0 = Release|Any CPU
		{90D8038C-EE6D-4AAD-8131-1A1178BE4458}.Release|ARM.ActiveCfg = Release|Any CPU
		{90D8038C-EE6D-4AAD-8131-1A1178BE4458}.Release|ARM.Build.0 = Release|Any CPU
		{90D8038C-EE6D-4AAD-8131-1A1178BE4458}.Release|ARM.Deploy.0 = Release|Any CPU
		{90D8038C-EE6D-4AAD-8131-1A1178BE4458}.Release|iPhone.ActiveCfg = Release|Any CPU
		{90D8038C-EE6D-4AAD-8131-1A1178BE4458}.Release|iPhone.Build.0 = Release|Any CPU
		{90D8038C-EE6D-4AAD-8131-1A1178BE4458}.Release|iPhone.Deploy.0 = Release|Any CPU
		{90D8038C-EE6D-4AAD-8131-1A1178BE4458}.Release|iPhoneSimulator.ActiveCfg = Release|Any CPU
		{90D8038C-EE6D-4AAD-8131-1A1178BE4458}.Release|iPhoneSimulator.Build.0 = Release|Any CPU
		{90D8038C-EE6D-4AAD-8131-1A1178BE4458}.Release|iPhoneSimulator.Deploy.0 = Release|Any CPU
		{90D8038C-EE6D-4AAD-8131-1A1178BE4458}.Release|x64.ActiveCfg = Release|Any CPU
		{90D8038C-EE6D-4AAD-8131-1A1178BE4458}.Release|x64.Build.0 = Release|Any CPU
		{90D8038C-EE6D-4AAD-8131-1A1178BE4458}.Release|x64.Deploy.0 = Release|Any CPU
		{90D8038C-EE6D-4AAD-8131-1A1178BE4458}.Release|x86.ActiveCfg = Release|Any CPU
		{90D8038C-EE6D-4AAD-8131-1A1178BE4458}.Release|x86.Build.0 = Release|Any CPU
		{90D8038C-EE6D-4AAD-8131-1A1178BE4458}.Release|x86.Deploy.0 = Release|Any CPU
		{64BAD13B-4311-47B4-BF15-DDC4F1A747EF}.Ad-Hoc|Any CPU.ActiveCfg = Ad-Hoc|iPhone
		{64BAD13B-4311-47B4-BF15-DDC4F1A747EF}.Ad-Hoc|Any CPU.Build.0 = Ad-Hoc|iPhone
		{64BAD13B-4311-47B4-BF15-DDC4F1A747EF}.Ad-Hoc|Any CPU.Deploy.0 = Ad-Hoc|iPhone
		{64BAD13B-4311-47B4-BF15-DDC4F1A747EF}.Ad-Hoc|ARM.ActiveCfg = Ad-Hoc|iPhone
		{64BAD13B-4311-47B4-BF15-DDC4F1A747EF}.Ad-Hoc|ARM.Build.0 = Ad-Hoc|iPhone
		{64BAD13B-4311-47B4-BF15-DDC4F1A747EF}.Ad-Hoc|ARM.Deploy.0 = Ad-Hoc|iPhone
		{64BAD13B-4311-47B4-BF15-DDC4F1A747EF}.Ad-Hoc|iPhone.ActiveCfg = Ad-Hoc|iPhone
		{64BAD13B-4311-47B4-BF15-DDC4F1A747EF}.Ad-Hoc|iPhone.Build.0 = Ad-Hoc|iPhone
		{64BAD13B-4311-47B4-BF15-DDC4F1A747EF}.Ad-Hoc|iPhone.Deploy.0 = Ad-Hoc|iPhone
		{64BAD13B-4311-47B4-BF15-DDC4F1A747EF}.Ad-Hoc|iPhoneSimulator.ActiveCfg = Ad-Hoc|iPhoneSimulator
		{64BAD13B-4311-47B4-BF15-DDC4F1A747EF}.Ad-Hoc|iPhoneSimulator.Build.0 = Ad-Hoc|iPhoneSimulator
		{64BAD13B-4311-47B4-BF15-DDC4F1A747EF}.Ad-Hoc|iPhoneSimulator.Deploy.0 = Ad-Hoc|iPhoneSimulator
		{64BAD13B-4311-47B4-BF15-DDC4F1A747EF}.Ad-Hoc|x64.ActiveCfg = Ad-Hoc|iPhone
		{64BAD13B-4311-47B4-BF15-DDC4F1A747EF}.Ad-Hoc|x64.Build.0 = Ad-Hoc|iPhone
		{64BAD13B-4311-47B4-BF15-DDC4F1A747EF}.Ad-Hoc|x64.Deploy.0 = Ad-Hoc|iPhone
		{64BAD13B-4311-47B4-BF15-DDC4F1A747EF}.Ad-Hoc|x86.ActiveCfg = Ad-Hoc|iPhone
		{64BAD13B-4311-47B4-BF15-DDC4F1A747EF}.Ad-Hoc|x86.Build.0 = Ad-Hoc|iPhone
		{64BAD13B-4311-47B4-BF15-DDC4F1A747EF}.Ad-Hoc|x86.Deploy.0 = Ad-Hoc|iPhone
		{64BAD13B-4311-47B4-BF15-DDC4F1A747EF}.AppStore|Any CPU.ActiveCfg = AppStore|iPhone
		{64BAD13B-4311-47B4-BF15-DDC4F1A747EF}.AppStore|Any CPU.Build.0 = AppStore|iPhone
		{64BAD13B-4311-47B4-BF15-DDC4F1A747EF}.AppStore|Any CPU.Deploy.0 = AppStore|iPhone
		{64BAD13B-4311-47B4-BF15-DDC4F1A747EF}.AppStore|ARM.ActiveCfg = AppStore|iPhone
		{64BAD13B-4311-47B4-BF15-DDC4F1A747EF}.AppStore|ARM.Build.0 = AppStore|iPhone
		{64BAD13B-4311-47B4-BF15-DDC4F1A747EF}.AppStore|ARM.Deploy.0 = AppStore|iPhone
		{64BAD13B-4311-47B4-BF15-DDC4F1A747EF}.AppStore|iPhone.ActiveCfg = AppStore|iPhone
		{64BAD13B-4311-47B4-BF15-DDC4F1A747EF}.AppStore|iPhone.Build.0 = AppStore|iPhone
		{64BAD13B-4311-47B4-BF15-DDC4F1A747EF}.AppStore|iPhone.Deploy.0 = AppStore|iPhone
		{64BAD13B-4311-47B4-BF15-DDC4F1A747EF}.AppStore|iPhoneSimulator.ActiveCfg = AppStore|iPhoneSimulator
		{64BAD13B-4311-47B4-BF15-DDC4F1A747EF}.AppStore|iPhoneSimulator.Build.0 = AppStore|iPhoneSimulator
		{64BAD13B-4311-47B4-BF15-DDC4F1A747EF}.AppStore|iPhoneSimulator.Deploy.0 = AppStore|iPhoneSimulator
		{64BAD13B-4311-47B4-BF15-DDC4F1A747EF}.AppStore|x64.ActiveCfg = AppStore|iPhone
		{64BAD13B-4311-47B4-BF15-DDC4F1A747EF}.AppStore|x64.Build.0 = AppStore|iPhone
		{64BAD13B-4311-47B4-BF15-DDC4F1A747EF}.AppStore|x64.Deploy.0 = AppStore|iPhone
		{64BAD13B-4311-47B4-BF15-DDC4F1A747EF}.AppStore|x86.ActiveCfg = AppStore|iPhone
		{64BAD13B-4311-47B4-BF15-DDC4F1A747EF}.AppStore|x86.Build.0 = AppStore|iPhone
		{64BAD13B-4311-47B4-BF15-DDC4F1A747EF}.AppStore|x86.Deploy.0 = AppStore|iPhone
		{64BAD13B-4311-47B4-BF15-DDC4F1A747EF}.Debug|Any CPU.ActiveCfg = Debug|iPhoneSimulator
		{64BAD13B-4311-47B4-BF15-DDC4F1A747EF}.Debug|Any CPU.Build.0 = Debug|iPhoneSimulator
		{64BAD13B-4311-47B4-BF15-DDC4F1A747EF}.Debug|Any CPU.Deploy.0 = Debug|iPhoneSimulator
		{64BAD13B-4311-47B4-BF15-DDC4F1A747EF}.Debug|ARM.ActiveCfg = Debug|iPhone
		{64BAD13B-4311-47B4-BF15-DDC4F1A747EF}.Debug|ARM.Build.0 = Debug|iPhone
		{64BAD13B-4311-47B4-BF15-DDC4F1A747EF}.Debug|ARM.Deploy.0 = Debug|iPhone
		{64BAD13B-4311-47B4-BF15-DDC4F1A747EF}.Debug|iPhone.ActiveCfg = Debug|iPhone
		{64BAD13B-4311-47B4-BF15-DDC4F1A747EF}.Debug|iPhone.Build.0 = Debug|iPhone
		{64BAD13B-4311-47B4-BF15-DDC4F1A747EF}.Debug|iPhone.Deploy.0 = Debug|iPhone
		{64BAD13B-4311-47B4-BF15-DDC4F1A747EF}.Debug|iPhoneSimulator.ActiveCfg = Debug|iPhoneSimulator
		{64BAD13B-4311-47B4-BF15-DDC4F1A747EF}.Debug|iPhoneSimulator.Build.0 = Debug|iPhoneSimulator
		{64BAD13B-4311-47B4-BF15-DDC4F1A747EF}.Debug|iPhoneSimulator.Deploy.0 = Debug|iPhoneSimulator
		{64BAD13B-4311-47B4-BF15-DDC4F1A747EF}.Debug|x64.ActiveCfg = Debug|iPhone
		{64BAD13B-4311-47B4-BF15-DDC4F1A747EF}.Debug|x64.Build.0 = Debug|iPhone
		{64BAD13B-4311-47B4-BF15-DDC4F1A747EF}.Debug|x64.Deploy.0 = Debug|iPhone
		{64BAD13B-4311-47B4-BF15-DDC4F1A747EF}.Debug|x86.ActiveCfg = Debug|iPhone
		{64BAD13B-4311-47B4-BF15-DDC4F1A747EF}.Debug|x86.Build.0 = Debug|iPhone
		{64BAD13B-4311-47B4-BF15-DDC4F1A747EF}.Debug|x86.Deploy.0 = Debug|iPhone
		{64BAD13B-4311-47B4-BF15-DDC4F1A747EF}.Release|Any CPU.ActiveCfg = Release|iPhone
		{64BAD13B-4311-47B4-BF15-DDC4F1A747EF}.Release|Any CPU.Build.0 = Release|iPhone
		{64BAD13B-4311-47B4-BF15-DDC4F1A747EF}.Release|Any CPU.Deploy.0 = Release|iPhone
		{64BAD13B-4311-47B4-BF15-DDC4F1A747EF}.Release|ARM.ActiveCfg = Release|iPhone
		{64BAD13B-4311-47B4-BF15-DDC4F1A747EF}.Release|ARM.Build.0 = Release|iPhone
		{64BAD13B-4311-47B4-BF15-DDC4F1A747EF}.Release|ARM.Deploy.0 = Release|iPhone
		{64BAD13B-4311-47B4-BF15-DDC4F1A747EF}.Release|iPhone.ActiveCfg = Release|iPhone
		{64BAD13B-4311-47B4-BF15-DDC4F1A747EF}.Release|iPhone.Build.0 = Release|iPhone
		{64BAD13B-4311-47B4-BF15-DDC4F1A747EF}.Release|iPhone.Deploy.0 = Release|iPhone
		{64BAD13B-4311-47B4-BF15-DDC4F1A747EF}.Release|iPhoneSimulator.ActiveCfg = Release|iPhoneSimulator
		{64BAD13B-4311-47B4-BF15-DDC4F1A747EF}.Release|iPhoneSimulator.Build.0 = Release|iPhoneSimulator
		{64BAD13B-4311-47B4-BF15-DDC4F1A747EF}.Release|iPhoneSimulator.Deploy.0 = Release|iPhoneSimulator
		{64BAD13B-4311-47B4-BF15-DDC4F1A747EF}.Release|x64.ActiveCfg = Release|iPhone
		{64BAD13B-4311-47B4-BF15-DDC4F1A747EF}.Release|x64.Build.0 = Release|iPhone
		{64BAD13B-4311-47B4-BF15-DDC4F1A747EF}.Release|x64.Deploy.0 = Release|iPhone
		{64BAD13B-4311-47B4-BF15-DDC4F1A747EF}.Release|x86.ActiveCfg = Release|iPhone
		{64BAD13B-4311-47B4-BF15-DDC4F1A747EF}.Release|x86.Build.0 = Release|iPhone
		{64BAD13B-4311-47B4-BF15-DDC4F1A747EF}.Release|x86.Deploy.0 = Release|iPhone
		{0033B719-3875-4D3E-8AF1-4F2C85E4A482}.Ad-Hoc|Any CPU.ActiveCfg = Release|x86
		{0033B719-3875-4D3E-8AF1-4F2C85E4A482}.Ad-Hoc|Any CPU.Build.0 = Release|x86
		{0033B719-3875-4D3E-8AF1-4F2C85E4A482}.Ad-Hoc|Any CPU.Deploy.0 = Release|x86
		{0033B719-3875-4D3E-8AF1-4F2C85E4A482}.Ad-Hoc|ARM.ActiveCfg = Release|ARM
		{0033B719-3875-4D3E-8AF1-4F2C85E4A482}.Ad-Hoc|ARM.Build.0 = Release|ARM
		{0033B719-3875-4D3E-8AF1-4F2C85E4A482}.Ad-Hoc|ARM.Deploy.0 = Release|ARM
		{0033B719-3875-4D3E-8AF1-4F2C85E4A482}.Ad-Hoc|iPhone.ActiveCfg = Release|x86
		{0033B719-3875-4D3E-8AF1-4F2C85E4A482}.Ad-Hoc|iPhone.Build.0 = Release|x86
		{0033B719-3875-4D3E-8AF1-4F2C85E4A482}.Ad-Hoc|iPhone.Deploy.0 = Release|x86
		{0033B719-3875-4D3E-8AF1-4F2C85E4A482}.Ad-Hoc|iPhoneSimulator.ActiveCfg = Release|x86
		{0033B719-3875-4D3E-8AF1-4F2C85E4A482}.Ad-Hoc|iPhoneSimulator.Build.0 = Release|x86
		{0033B719-3875-4D3E-8AF1-4F2C85E4A482}.Ad-Hoc|iPhoneSimulator.Deploy.0 = Release|x86
		{0033B719-3875-4D3E-8AF1-4F2C85E4A482}.Ad-Hoc|x64.ActiveCfg = Release|x64
		{0033B719-3875-4D3E-8AF1-4F2C85E4A482}.Ad-Hoc|x64.Build.0 = Release|x64
		{0033B719-3875-4D3E-8AF1-4F2C85E4A482}.Ad-Hoc|x64.Deploy.0 = Release|x64
		{0033B719-3875-4D3E-8AF1-4F2C85E4A482}.Ad-Hoc|x86.ActiveCfg = Release|x86
		{0033B719-3875-4D3E-8AF1-4F2C85E4A482}.Ad-Hoc|x86.Build.0 = Release|x86
		{0033B719-3875-4D3E-8AF1-4F2C85E4A482}.Ad-Hoc|x86.Deploy.0 = Release|x86
		{0033B719-3875-4D3E-8AF1-4F2C85E4A482}.AppStore|Any CPU.ActiveCfg = Release|x86
		{0033B719-3875-4D3E-8AF1-4F2C85E4A482}.AppStore|Any CPU.Build.0 = Release|x86
		{0033B719-3875-4D3E-8AF1-4F2C85E4A482}.AppStore|Any CPU.Deploy.0 = Release|x86
		{0033B719-3875-4D3E-8AF1-4F2C85E4A482}.AppStore|ARM.ActiveCfg = Release|ARM
		{0033B719-3875-4D3E-8AF1-4F2C85E4A482}.AppStore|ARM.Build.0 = Release|ARM
		{0033B719-3875-4D3E-8AF1-4F2C85E4A482}.AppStore|ARM.Deploy.0 = Release|ARM
		{0033B719-3875-4D3E-8AF1-4F2C85E4A482}.AppStore|iPhone.ActiveCfg = Release|x86
		{0033B719-3875-4D3E-8AF1-4F2C85E4A482}.AppStore|iPhone.Build.0 = Release|x86
		{0033B719-3875-4D3E-8AF1-4F2C85E4A482}.AppStore|iPhone.Deploy.0 = Release|x86
		{0033B719-3875-4D3E-8AF1-4F2C85E4A482}.AppStore|iPhoneSimulator.ActiveCfg = Release|x86
		{0033B719-3875-4D3E-8AF1-4F2C85E4A482}.AppStore|iPhoneSimulator.Build.0 = Release|x86
		{0033B719-3875-4D3E-8AF1-4F2C85E4A482}.AppStore|iPhoneSimulator.Deploy.0 = Release|x86
		{0033B719-3875-4D3E-8AF1-4F2C85E4A482}.AppStore|x64.ActiveCfg = Release|x64
		{0033B719-3875-4D3E-8AF1-4F2C85E4A482}.AppStore|x64.Build.0 = Release|x64
		{0033B719-3875-4D3E-8AF1-4F2C85E4A482}.AppStore|x64.Deploy.0 = Release|x64
		{0033B719-3875-4D3E-8AF1-4F2C85E4A482}.AppStore|x86.ActiveCfg = Release|x86
		{0033B719-3875-4D3E-8AF1-4F2C85E4A482}.AppStore|x86.Build.0 = Release|x86
		{0033B719-3875-4D3E-8AF1-4F2C85E4A482}.AppStore|x86.Deploy.0 = Release|x86
		{0033B719-3875-4D3E-8AF1-4F2C85E4A482}.Debug|Any CPU.ActiveCfg = Debug|x86
		{0033B719-3875-4D3E-8AF1-4F2C85E4A482}.Debug|Any CPU.Build.0 = Debug|x86
		{0033B719-3875-4D3E-8AF1-4F2C85E4A482}.Debug|Any CPU.Deploy.0 = Debug|x86
		{0033B719-3875-4D3E-8AF1-4F2C85E4A482}.Debug|ARM.ActiveCfg = Debug|ARM
		{0033B719-3875-4D3E-8AF1-4F2C85E4A482}.Debug|ARM.Build.0 = Debug|ARM
		{0033B719-3875-4D3E-8AF1-4F2C85E4A482}.Debug|ARM.Deploy.0 = Debug|ARM
		{0033B719-3875-4D3E-8AF1-4F2C85E4A482}.Debug|iPhone.ActiveCfg = Debug|x86
		{0033B719-3875-4D3E-8AF1-4F2C85E4A482}.Debug|iPhone.Build.0 = Debug|x86
		{0033B719-3875-4D3E-8AF1-4F2C85E4A482}.Debug|iPhone.Deploy.0 = Debug|x86
		{0033B719-3875-4D3E-8AF1-4F2C85E4A482}.Debug|iPhoneSimulator.ActiveCfg = Debug|x86
		{0033B719-3875-4D3E-8AF1-4F2C85E4A482}.Debug|iPhoneSimulator.Build.0 = Debug|x86
		{0033B719-3875-4D3E-8AF1-4F2C85E4A482}.Debug|iPhoneSimulator.Deploy.0 = Debug|x86
		{0033B719-3875-4D3E-8AF1-4F2C85E4A482}.Debug|x64.ActiveCfg = Debug|x64
		{0033B719-3875-4D3E-8AF1-4F2C85E4A482}.Debug|x64.Build.0 = Debug|x64
		{0033B719-3875-4D3E-8AF1-4F2C85E4A482}.Debug|x64.Deploy.0 = Debug|x64
		{0033B719-3875-4D3E-8AF1-4F2C85E4A482}.Debug|x86.ActiveCfg = Debug|x86
		{0033B719-3875-4D3E-8AF1-4F2C85E4A482}.Debug|x86.Build.0 = Debug|x86
		{0033B719-3875-4D3E-8AF1-4F2C85E4A482}.Debug|x86.Deploy.0 = Debug|x86
		{0033B719-3875-4D3E-8AF1-4F2C85E4A482}.Release|Any CPU.ActiveCfg = Release|x86
		{0033B719-3875-4D3E-8AF1-4F2C85E4A482}.Release|Any CPU.Build.0 = Release|x86
		{0033B719-3875-4D3E-8AF1-4F2C85E4A482}.Release|Any CPU.Deploy.0 = Release|x86
		{0033B719-3875-4D3E-8AF1-4F2C85E4A482}.Release|ARM.ActiveCfg = Release|ARM
		{0033B719-3875-4D3E-8AF1-4F2C85E4A482}.Release|ARM.Build.0 = Release|ARM
		{0033B719-3875-4D3E-8AF1-4F2C85E4A482}.Release|ARM.Deploy.0 = Release|ARM
		{0033B719-3875-4D3E-8AF1-4F2C85E4A482}.Release|iPhone.ActiveCfg = Release|x86
		{0033B719-3875-4D3E-8AF1-4F2C85E4A482}.Release|iPhone.Build.0 = Release|x86
		{0033B719-3875-4D3E-8AF1-4F2C85E4A482}.Release|iPhone.Deploy.0 = Release|x86
		{0033B719-3875-4D3E-8AF1-4F2C85E4A482}.Release|iPhoneSimulator.ActiveCfg = Release|x86
		{0033B719-3875-4D3E-8AF1-4F2C85E4A482}.Release|iPhoneSimulator.Build.0 = Release|x86
		{0033B719-3875-4D3E-8AF1-4F2C85E4A482}.Release|iPhoneSimulator.Deploy.0 = Release|x86
		{0033B719-3875-4D3E-8AF1-4F2C85E4A482}.Release|x64.ActiveCfg = Release|x64
		{0033B719-3875-4D3E-8AF1-4F2C85E4A482}.Release|x64.Build.0 = Release|x64
		{0033B719-3875-4D3E-8AF1-4F2C85E4A482}.Release|x64.Deploy.0 = Release|x64
		{0033B719-3875-4D3E-8AF1-4F2C85E4A482}.Release|x86.ActiveCfg = Release|x86
		{0033B719-3875-4D3E-8AF1-4F2C85E4A482}.Release|x86.Build.0 = Release|x86
		{0033B719-3875-4D3E-8AF1-4F2C85E4A482}.Release|x86.Deploy.0 = Release|x86
		{C07E15B7-70A3-4F24-ACF7-D1AF541AEF5A}.Ad-Hoc|Any CPU.ActiveCfg = Debug|Any CPU
		{C07E15B7-70A3-4F24-ACF7-D1AF541AEF5A}.Ad-Hoc|Any CPU.Build.0 = Debug|Any CPU
		{C07E15B7-70A3-4F24-ACF7-D1AF541AEF5A}.Ad-Hoc|Any CPU.Deploy.0 = Debug|Any CPU
		{C07E15B7-70A3-4F24-ACF7-D1AF541AEF5A}.Ad-Hoc|ARM.ActiveCfg = Debug|Any CPU
		{C07E15B7-70A3-4F24-ACF7-D1AF541AEF5A}.Ad-Hoc|ARM.Build.0 = Debug|Any CPU
		{C07E15B7-70A3-4F24-ACF7-D1AF541AEF5A}.Ad-Hoc|ARM.Deploy.0 = Debug|Any CPU
		{C07E15B7-70A3-4F24-ACF7-D1AF541AEF5A}.Ad-Hoc|iPhone.ActiveCfg = Debug|Any CPU
		{C07E15B7-70A3-4F24-ACF7-D1AF541AEF5A}.Ad-Hoc|iPhone.Build.0 = Debug|Any CPU
		{C07E15B7-70A3-4F24-ACF7-D1AF541AEF5A}.Ad-Hoc|iPhone.Deploy.0 = Debug|Any CPU
		{C07E15B7-70A3-4F24-ACF7-D1AF541AEF5A}.Ad-Hoc|iPhoneSimulator.ActiveCfg = Debug|Any CPU
		{C07E15B7-70A3-4F24-ACF7-D1AF541AEF5A}.Ad-Hoc|iPhoneSimulator.Build.0 = Debug|Any CPU
		{C07E15B7-70A3-4F24-ACF7-D1AF541AEF5A}.Ad-Hoc|iPhoneSimulator.Deploy.0 = Debug|Any CPU
		{C07E15B7-70A3-4F24-ACF7-D1AF541AEF5A}.Ad-Hoc|x64.ActiveCfg = Debug|Any CPU
		{C07E15B7-70A3-4F24-ACF7-D1AF541AEF5A}.Ad-Hoc|x64.Build.0 = Debug|Any CPU
		{C07E15B7-70A3-4F24-ACF7-D1AF541AEF5A}.Ad-Hoc|x64.Deploy.0 = Debug|Any CPU
		{C07E15B7-70A3-4F24-ACF7-D1AF541AEF5A}.Ad-Hoc|x86.ActiveCfg = Debug|Any CPU
		{C07E15B7-70A3-4F24-ACF7-D1AF541AEF5A}.Ad-Hoc|x86.Build.0 = Debug|Any CPU
		{C07E15B7-70A3-4F24-ACF7-D1AF541AEF5A}.Ad-Hoc|x86.Deploy.0 = Debug|Any CPU
		{C07E15B7-70A3-4F24-ACF7-D1AF541AEF5A}.AppStore|Any CPU.ActiveCfg = Debug|Any CPU
		{C07E15B7-70A3-4F24-ACF7-D1AF541AEF5A}.AppStore|Any CPU.Build.0 = Debug|Any CPU
		{C07E15B7-70A3-4F24-ACF7-D1AF541AEF5A}.AppStore|Any CPU.Deploy.0 = Debug|Any CPU
		{C07E15B7-70A3-4F24-ACF7-D1AF541AEF5A}.AppStore|ARM.ActiveCfg = Debug|Any CPU
		{C07E15B7-70A3-4F24-ACF7-D1AF541AEF5A}.AppStore|ARM.Build.0 = Debug|Any CPU
		{C07E15B7-70A3-4F24-ACF7-D1AF541AEF5A}.AppStore|ARM.Deploy.0 = Debug|Any CPU
		{C07E15B7-70A3-4F24-ACF7-D1AF541AEF5A}.AppStore|iPhone.ActiveCfg = Debug|Any CPU
		{C07E15B7-70A3-4F24-ACF7-D1AF541AEF5A}.AppStore|iPhone.Build.0 = Debug|Any CPU
		{C07E15B7-70A3-4F24-ACF7-D1AF541AEF5A}.AppStore|iPhone.Deploy.0 = Debug|Any CPU
		{C07E15B7-70A3-4F24-ACF7-D1AF541AEF5A}.AppStore|iPhoneSimulator.ActiveCfg = Debug|Any CPU
		{C07E15B7-70A3-4F24-ACF7-D1AF541AEF5A}.AppStore|iPhoneSimulator.Build.0 = Debug|Any CPU
		{C07E15B7-70A3-4F24-ACF7-D1AF541AEF5A}.AppStore|iPhoneSimulator.Deploy.0 = Debug|Any CPU
		{C07E15B7-70A3-4F24-ACF7-D1AF541AEF5A}.AppStore|x64.ActiveCfg = Debug|Any CPU
		{C07E15B7-70A3-4F24-ACF7-D1AF541AEF5A}.AppStore|x64.Build.0 = Debug|Any CPU
		{C07E15B7-70A3-4F24-ACF7-D1AF541AEF5A}.AppStore|x64.Deploy.0 = Debug|Any CPU
		{C07E15B7-70A3-4F24-ACF7-D1AF541AEF5A}.AppStore|x86.ActiveCfg = Debug|Any CPU
		{C07E15B7-70A3-4F24-ACF7-D1AF541AEF5A}.AppStore|x86.Build.0 = Debug|Any CPU
		{C07E15B7-70A3-4F24-ACF7-D1AF541AEF5A}.AppStore|x86.Deploy.0 = Debug|Any CPU
		{C07E15B7-70A3-4F24-ACF7-D1AF541AEF5A}.Debug|Any CPU.ActiveCfg = Debug|Any CPU
		{C07E15B7-70A3-4F24-ACF7-D1AF541AEF5A}.Debug|Any CPU.Build.0 = Debug|Any CPU
		{C07E15B7-70A3-4F24-ACF7-D1AF541AEF5A}.Debug|Any CPU.Deploy.0 = Debug|Any CPU
		{C07E15B7-70A3-4F24-ACF7-D1AF541AEF5A}.Debug|ARM.ActiveCfg = Debug|Any CPU
		{C07E15B7-70A3-4F24-ACF7-D1AF541AEF5A}.Debug|ARM.Build.0 = Debug|Any CPU
		{C07E15B7-70A3-4F24-ACF7-D1AF541AEF5A}.Debug|ARM.Deploy.0 = Debug|Any CPU
		{C07E15B7-70A3-4F24-ACF7-D1AF541AEF5A}.Debug|iPhone.ActiveCfg = Debug|Any CPU
		{C07E15B7-70A3-4F24-ACF7-D1AF541AEF5A}.Debug|iPhone.Build.0 = Debug|Any CPU
		{C07E15B7-70A3-4F24-ACF7-D1AF541AEF5A}.Debug|iPhone.Deploy.0 = Debug|Any CPU
		{C07E15B7-70A3-4F24-ACF7-D1AF541AEF5A}.Debug|iPhoneSimulator.ActiveCfg = Debug|Any CPU
		{C07E15B7-70A3-4F24-ACF7-D1AF541AEF5A}.Debug|iPhoneSimulator.Build.0 = Debug|Any CPU
		{C07E15B7-70A3-4F24-ACF7-D1AF541AEF5A}.Debug|iPhoneSimulator.Deploy.0 = Debug|Any CPU
		{C07E15B7-70A3-4F24-ACF7-D1AF541AEF5A}.Debug|x64.ActiveCfg = Debug|Any CPU
		{C07E15B7-70A3-4F24-ACF7-D1AF541AEF5A}.Debug|x64.Build.0 = Debug|Any CPU
		{C07E15B7-70A3-4F24-ACF7-D1AF541AEF5A}.Debug|x64.Deploy.0 = Debug|Any CPU
		{C07E15B7-70A3-4F24-ACF7-D1AF541AEF5A}.Debug|x86.ActiveCfg = Debug|Any CPU
		{C07E15B7-70A3-4F24-ACF7-D1AF541AEF5A}.Debug|x86.Build.0 = Debug|Any CPU
		{C07E15B7-70A3-4F24-ACF7-D1AF541AEF5A}.Debug|x86.Deploy.0 = Debug|Any CPU
		{C07E15B7-70A3-4F24-ACF7-D1AF541AEF5A}.Release|Any CPU.ActiveCfg = Release|Any CPU
		{C07E15B7-70A3-4F24-ACF7-D1AF541AEF5A}.Release|Any CPU.Build.0 = Release|Any CPU
		{C07E15B7-70A3-4F24-ACF7-D1AF541AEF5A}.Release|Any CPU.Deploy.0 = Release|Any CPU
		{C07E15B7-70A3-4F24-ACF7-D1AF541AEF5A}.Release|ARM.ActiveCfg = Release|Any CPU
		{C07E15B7-70A3-4F24-ACF7-D1AF541AEF5A}.Release|ARM.Build.0 = Release|Any CPU
		{C07E15B7-70A3-4F24-ACF7-D1AF541AEF5A}.Release|ARM.Deploy.0 = Release|Any CPU
		{C07E15B7-70A3-4F24-ACF7-D1AF541AEF5A}.Release|iPhone.ActiveCfg = Release|Any CPU
		{C07E15B7-70A3-4F24-ACF7-D1AF541AEF5A}.Release|iPhone.Build.0 = Release|Any CPU
		{C07E15B7-70A3-4F24-ACF7-D1AF541AEF5A}.Release|iPhone.Deploy.0 = Release|Any CPU
		{C07E15B7-70A3-4F24-ACF7-D1AF541AEF5A}.Release|iPhoneSimulator.ActiveCfg = Release|Any CPU
		{C07E15B7-70A3-4F24-ACF7-D1AF541AEF5A}.Release|iPhoneSimulator.Build.0 = Release|Any CPU
		{C07E15B7-70A3-4F24-ACF7-D1AF541AEF5A}.Release|iPhoneSimulator.Deploy.0 = Release|Any CPU
		{C07E15B7-70A3-4F24-ACF7-D1AF541AEF5A}.Release|x64.ActiveCfg = Release|Any CPU
		{C07E15B7-70A3-4F24-ACF7-D1AF541AEF5A}.Release|x64.Build.0 = Release|Any CPU
		{C07E15B7-70A3-4F24-ACF7-D1AF541AEF5A}.Release|x64.Deploy.0 = Release|Any CPU
		{C07E15B7-70A3-4F24-ACF7-D1AF541AEF5A}.Release|x86.ActiveCfg = Release|Any CPU
		{C07E15B7-70A3-4F24-ACF7-D1AF541AEF5A}.Release|x86.Build.0 = Release|Any CPU
		{C07E15B7-70A3-4F24-ACF7-D1AF541AEF5A}.Release|x86.Deploy.0 = Release|Any CPU
	EndGlobalSection
	GlobalSection(SolutionProperties) = preSolution
		HideSolutionNode = FALSE
	EndGlobalSection
	GlobalSection(ExtensibilityGlobals) = postSolution
		SolutionGuid = {CC411264-FDB1-428C-8DA6-59AE21556939}
	EndGlobalSection
EndGlobal
